Microsoft Visual Studio Solution File, Format Version 12.00
# Visual Studio Version 17
VisualStudioVersion = 17.8.34525.116
MinimumVisualStudioVersion = 10.0.40219.1
Project("{8BC9CEB8-8B4A-11D0-8D11-00A0C91BC942}") = "MaskEdit", "MaskEditMod80.vcxproj", "{C379ADF7-12A6-4A40-9F03-247A9A1CCC30}"
EndProject
Project("{8BC9CEB8-8B4A-11D0-8D11-00A0C91BC942}") = "BaseClasses Apr05", "..\..\..\..\3rd_party\BaseClasses_Apr05\baseclasses80.vcproj", "{2A939EC4-235F-4879-9D38-C865FFD54D82}"
EndProject
Project("{8BC9CEB8-8B4A-11D0-8D11-00A0C91BC942}") = "ElveesTools", "..\..\..\..\CommonLibs\HEAD\ElveesTools\trunk\ElveesTools80.vcproj", "{BCBF187F-49BC-450A-A05D-6B81DC23BF6F}"
EndProject
Project("{8BC9CEB8-8B4A-11D0-8D11-00A0C91BC942}") = "Events", "..\..\Events\trunk\Events80.vcproj", "{1F31CC52-5B56-436E-9C72-59B84FEDCD08}"
	ProjectSection(ProjectDependencies) = postProject
		{BCBF187F-49BC-450A-A05D-6B81DC23BF6F} = {BCBF187F-49BC-450A-A05D-6B81DC23BF6F}
		{2A939EC4-235F-4879-9D38-C865FFD54D82} = {2A939EC4-235F-4879-9D38-C865FFD54D82}
	EndProjectSection
EndProject
Project("{8BC9CEB8-8B4A-11D0-8D11-00A0C91BC942}") = "Mapped Image", "..\..\Mapimg\trunk\mapimg80.vcproj", "{E55317CB-DE6E-4399-9DA5-6752EA61B73D}"
	ProjectSection(ProjectDependencies) = postProject
		{2A939EC4-235F-4879-9D38-C865FFD54D82} = {2A939EC4-235F-4879-9D38-C865FFD54D82}
		{BCBF187F-49BC-450A-A05D-6B81DC23BF6F} = {BCBF187F-49BC-450A-A05D-6B81DC23BF6F}
		{1F31CC52-5B56-436E-9C72-59B84FEDCD08} = {1F31CC52-5B56-436E-9C72-59B84FEDCD08}
	EndProjectSection
EndProject
Project("{8BC9CEB8-8B4A-11D0-8D11-00A0C91BC942}") = "DBBridge", "..\..\DBBridge\trunk\DBBridge_80.vcproj", "{49660352-3E05-4231-A490-D01F87A694C1}"
EndProject
Global
	GlobalSection(SolutionConfigurationPlatforms) = preSolution
		Unicode Debug|Win32 = Unicode Debug|Win32
		Unicode Release|Win32 = Unicode Release|Win32
	EndGlobalSection
	GlobalSection(ProjectConfigurationPlatforms) = postSolution
		{C379ADF7-12A6-4A40-9F03-247A9A1CCC30}.Unicode Debug|Win32.ActiveCfg = Unicode Debug|Win32
		{C379ADF7-12A6-4A40-9F03-247A9A1CCC30}.Unicode Debug|Win32.Build.0 = Unicode Debug|Win32
		{C379ADF7-12A6-4A40-9F03-247A9A1CCC30}.Unicode Release|Win32.ActiveCfg = Unicode Release|Win32
		{C379ADF7-12A6-4A40-9F03-247A9A1CCC30}.Unicode Release|Win32.Build.0 = Unicode Release|Win32
		{2A939EC4-235F-4879-9D38-C865FFD54D82}.Unicode Debug|Win32.ActiveCfg = Unicode Debug|Win32
		{2A939EC4-235F-4879-9D38-C865FFD54D82}.Unicode Debug|Win32.Build.0 = Unicode Debug|Win32
		{2A939EC4-235F-4879-9D38-C865FFD54D82}.Unicode Release|Win32.ActiveCfg = Unicode Release|Win32
		{2A939EC4-235F-4879-9D38-C865FFD54D82}.Unicode Release|Win32.Build.0 = Unicode Release|Win32
		{BCBF187F-49BC-450A-A05D-6B81DC23BF6F}.Unicode Debug|Win32.ActiveCfg = Unicode Debug|Win32
		{BCBF187F-49BC-450A-A05D-6B81DC23BF6F}.Unicode Debug|Win32.Build.0 = Unicode Debug|Win32
		{BCBF187F-49BC-450A-A05D-6B81DC23BF6F}.Unicode Release|Win32.ActiveCfg = Unicode Release|Win32
		{BCBF187F-49BC-450A-A05D-6B81DC23BF6F}.Unicode Release|Win32.Build.0 = Unicode Release|Win32
		{1F31CC52-5B56-436E-9C72-59B84FEDCD08}.Unicode Debug|Win32.ActiveCfg = Unicode Debug|Win32
		{1F31CC52-5B56-436E-9C72-59B84FEDCD08}.Unicode Debug|Win32.Build.0 = Unicode Debug|Win32
		{1F31CC52-5B56-436E-9C72-59B84FEDCD08}.Unicode Release|Win32.ActiveCfg = Unicode Release|Win32
		{1F31CC52-5B56-436E-9C72-59B84FEDCD08}.Unicode Release|Win32.Build.0 = Unicode Release|Win32
		{E55317CB-DE6E-4399-9DA5-6752EA61B73D}.Unicode Debug|Win32.ActiveCfg = Unicode Debug|Win32
		{E55317CB-DE6E-4399-9DA5-6752EA61B73D}.Unicode Debug|Win32.Build.0 = Unicode Debug|Win32
		{E55317CB-DE6E-4399-9DA5-6752EA61B73D}.Unicode Release|Win32.ActiveCfg = Unicode Release|Win32
		{E55317CB-DE6E-4399-9DA5-6752EA61B73D}.Unicode Release|Win32.Build.0 = Unicode Release|Win32
		{49660352-3E05-4231-A490-D01F87A694C1}.Unicode Debug|Win32.ActiveCfg = Unicode Debug|Win32
		{49660352-3E05-4231-A490-D01F87A694C1}.Unicode Debug|Win32.Build.0 = Unicode Debug|Win32
		{49660352-3E05-4231-A490-D01F87A694C1}.Unicode Release|Win32.ActiveCfg = Unicode Release|Win32
		{49660352-3E05-4231-A490-D01F87A694C1}.Unicode Release|Win32.Build.0 = Unicode Release|Win32
	EndGlobalSection
	GlobalSection(SolutionProperties) = preSolution
		HideSolutionNode = FALSE
	EndGlobalSection
	GlobalSection(ExtensibilityGlobals) = postSolution
		SolutionGuid = {F37D1032-C18E-4EA6-90AA-5AEA31BD34E2}
	EndGlobalSection
	GlobalSection(DPCodeReviewSolutionGUID) = preSolution
		DPCodeReviewSolutionGUID = {00000000-0000-0000-0000-000000000000}
	EndGlobalSection
EndGlobal
